// !$*UTF8*$!
{
	archiveVersion = 1;
	classes = {
	};
	objectVersion = 56;
	objects = {

/* Begin PBXBuildFile section */
		AFECB547299FD56D00810399 /* PH_RestorantMenuApp.swift in Sources */ = {isa = PBXBuildFile; fileRef = AFECB546299FD56D00810399 /* PH_RestorantMenuApp.swift */; };
		AFECB549299FD56D00810399 /* ContentView.swift in Sources */ = {isa = PBXBuildFile; fileRef = AFECB548299FD56D00810399 /* ContentView.swift */; };
		AFECB54B299FD57100810399 /* Assets.xcassets in Resources */ = {isa = PBXBuildFile; fileRef = AFECB54A299FD57100810399 /* Assets.xcassets */; };
		AFECB54E299FD57100810399 /* Preview Assets.xcassets in Resources */ = {isa = PBXBuildFile; fileRef = AFECB54D299FD57100810399 /* Preview Assets.xcassets */; };
		AFECB555299FD5FD00810399 /* menu.json in Resources */ = {isa = PBXBuildFile; fileRef = AFECB554299FD5FD00810399 /* menu.json */; };
		AFECB557299FD60E00810399 /* Order.swift in Sources */ = {isa = PBXBuildFile; fileRef = AFECB556299FD60E00810399 /* Order.swift */; };
		AFECB559299FD66900810399 /* Helper.swift in Sources */ = {isa = PBXBuildFile; fileRef = AFECB558299FD66900810399 /* Helper.swift */; };
		AFECB55B299FD68700810399 /* Menu.swift in Sources */ = {isa = PBXBuildFile; fileRef = AFECB55A299FD68700810399 /* Menu.swift */; };
/* End PBXBuildFile section */

/* Begin PBXFileReference section */
		AFECB543299FD56D00810399 /* PH_RestorantMenu.app */ = {isa = PBXFileReference; explicitFileType = wrapper.application; includeInIndex = 0; path = PH_RestorantMenu.app; sourceTree = BUILT_PRODUCTS_DIR; };
		AFECB546299FD56D00810399 /* PH_RestorantMenuApp.swift */ = {isa = PBXFileReference; lastKnownFileType = sourcecode.swift; path = PH_RestorantMenuApp.swift; sourceTree = "<group>"; };
		AFECB548299FD56D00810399 /* ContentView.swift */ = {isa = PBXFileReference; lastKnownFileType = sourcecode.swift; path = ContentView.swift; sourceTree = "<group>"; };
		AFECB54A299FD57100810399 /* Assets.xcassets */ = {isa = PBXFileReference; lastKnownFileType = folder.assetcatalog; path = Assets.xcassets; sourceTree = "<group>"; };
		AFECB54D299FD57100810399 /* Preview Assets.xcassets */ = {isa = PBXFileReference; lastKnownFileType = folder.assetcatalog; path = "Preview Assets.xcassets"; sourceTree = "<group>"; };
		AFECB554299FD5FD00810399 /* menu.json */ = {isa = PBXFileReference; fileEncoding = 4; lastKnownFileType = text.json; name = menu.json; path = "../../../../../Downloads/iDine-main/iDine/menu.json"; sourceTree = "<group>"; };
		AFECB556299FD60E00810399 /* Order.swift */ = {isa = PBXFileReference; fileEncoding = 4; lastKnownFileType = sourcecode.swift; name = Order.swift; path = "../../../../../Downloads/iDine-main/iDine/Order.swift"; sourceTree = "<group>"; };
		AFECB558299FD66900810399 /* Helper.swift */ = {isa = PBXFileReference; fileEncoding = 4; lastKnownFileType = sourcecode.swift; name = Helper.swift; path = "../../../../../Downloads/iDine-main/iDine/Helper.swift"; sourceTree = "<group>"; };
		AFECB55A299FD68700810399 /* Menu.swift */ = {isa = PBXFileReference; fileEncoding = 4; lastKnownFileType = sourcecode.swift; name = Menu.swift; path = "../../../../../Downloads/iDine-main/iDine/Menu.swift"; sourceTree = "<group>"; };
/* End PBXFileReference section */

/* Begin PBXFrameworksBuildPhase section */
		AFECB540299FD56D00810399 /* Frameworks */ = {
			isa = PBXFrameworksBuildPhase;
			buildActionMask = 2147483647;
			files = (
			);
			runOnlyForDeploymentPostprocessing = 0;
		};
/* End PBXFrameworksBuildPhase section */

/* Begin PBXGroup section */
		AFECB53A299FD56C00810399 = {
			isa = PBXGroup;
			children = (
				AFECB545299FD56D00810399 /* PH_RestorantMenu */,
				AFECB544299FD56D00810399 /* Products */,
			);
			sourceTree = "<group>";
		};
		AFECB544299FD56D00810399 /* Products */ = {
			isa = PBXGroup;
			children = (
				AFECB543299FD56D00810399 /* PH_RestorantMenu.app */,
			);
			name = Products;
			sourceTree = "<group>";
		};
		AFECB545299FD56D00810399 /* PH_RestorantMenu */ = {
			isa = PBXGroup;
			children = (
				AFECB546299FD56D00810399 /* PH_RestorantMenuApp.swift */,
				AFECB548299FD56D00810399 /* ContentView.swift */,
				AFECB554299FD5FD00810399 /* menu.json */,
				AFECB55A299FD68700810399 /* Menu.swift */,
				AFECB556299FD60E00810399 /* Order.swift */,
				AFECB558299FD66900810399 /* Helper.swift */,
				AFECB54A299FD57100810399 /* Assets.xcassets */,
				AFECB54C299FD57100810399 /* Preview Content */,
			);
			path = PH_RestorantMenu;
			sourceTree = "<group>";
		};
		AFECB54C299FD57100810399 /* Preview Content */ = {
			isa = PBXGroup;
			children = (
				AFECB54D299FD57100810399 /* Preview Assets.xcassets */,
			);
			path = "Preview Content";
			sourceTree = "<group>";
		};
/* End PBXGroup section */

/* Begin PBXNativeTarget section */
		AFECB542299FD56D00810399 /* PH_RestorantMenu */ = {
			isa = PBXNativeTarget;
			buildConfigurationList = AFECB551299FD57100810399 /* Build configuration list for PBXNativeTarget "PH_RestorantMenu" */;
			buildPhases = (
				AFECB53F299FD56D00810399 /* Sources */,
				AFECB540299FD56D00810399 /* Frameworks */,
				AFECB541299FD56D00810399 /* Resources */,
			);
			buildRules = (
			);
			dependencies = (
			);
			name = PH_RestorantMenu;
			productName = PH_RestorantMenu;
			productReference = AFECB543299FD56D00810399 /* PH_RestorantMenu.app */;
			productType = "com.apple.product-type.application";
		};
/* End PBXNativeTarget section */

/* Begin PBXProject section */
		AFECB53B299FD56C00810399 /* Project object */ = {
			isa = PBXProject;
			attributes = {
				BuildIndependentTargetsInParallel = 1;
				LastSwiftUpdateCheck = 1420;
				LastUpgradeCheck = 1420;
				TargetAttributes = {
					AFECB542299FD56D00810399 = {
						CreatedOnToolsVersion = 14.2;
					};
				};
			};
			buildConfigurationList = AFECB53E299FD56C00810399 /* Build configuration list for PBXProject "PH_RestorantMenu" */;
			compatibilityVersion = "Xcode 14.0";
			developmentRegion = en;
			hasScannedForEncodings = 0;
			knownRegions = (
				en,
				Base,
			);
			mainGroup = AFECB53A299FD56C00810399;
			productRefGroup = AFECB544299FD56D00810399 /* Products */;
			projectDirPath = "";
			projectRoot = "";
			targets = (
				AFECB542299FD56D00810399 /* PH_RestorantMenu */,
			);
		};
/* End PBXProject section */

/* Begin PBXResourcesBuildPhase section */
		AFECB541299FD56D00810399 /* Resources */ = {
			isa = PBXResourcesBuildPhase;
			buildActionMask = 2147483647;
			files = (
				AFECB555299FD5FD00810399 /* menu.json in Resources */,
				AFECB54E299FD57100810399 /* Preview Assets.xcassets in Resources */,
				AFECB54B299FD57100810399 /* Assets.xcassets in Resources */,
			);
			runOnlyForDeploymentPostprocessing = 0;
		};
/* End PBXResourcesBuildPhase section */

/* Begin PBXSourcesBuildPhase section */
		AFECB53F299FD56D00810399 /* Sources */ = {
			isa = PBXSourcesBuildPhase;
			buildActionMask = 2147483647;
			files = (
				AFECB557299FD60E00810399 /* Order.swift in Sources */,
				AFECB549299FD56D00810399 /* ContentView.swift in Sources */,
				AFECB547299FD56D00810399 /* PH_RestorantMenuApp.swift in Sources */,
				AFECB559299FD66900810399 /* Helper.swift in Sources */,
				AFECB55B299FD68700810399 /* Menu.swift in Sources */,
			);
			runOnlyForDeploymentPostprocessing = 0;
		};
/* End PBXSourcesBuildPhase section */

/* Begin XCBuildConfiguration section */
		AFECB54F299FD57100810399 /* Debug */ = {
			isa = XCBuildConfiguration;
			buildSettings = {
				ALWAYS_SEARCH_USER_PATHS = NO;
				CLANG_ANALYZER_NONNULL = YES;
				CLANG_ANALYZER_NUMBER_OBJECT_CONVERSION = YES_AGGRESSIVE;
				CLANG_CXX_LANGUAGE_STANDARD = "gnu++20";
				CLANG_ENABLE_MODULES = YES;
				CLANG_ENABLE_OBJC_ARC = YES;
				CLANG_ENABLE_OBJC_WEAK = YES;
				CLANG_WARN_BLOCK_CAPTURE_AUTORELEASING = YES;
				CLANG_WARN_BOOL_CONVERSION = YES;
				CLANG_WARN_COMMA = YES;
				CLANG_WARN_CONSTANT_CONVERSION = YES;
				CLANG_WARN_DEPRECATED_OBJC_IMPLEMENTATIONS = YES;
				CLANG_WARN_DIRECT_OBJC_ISA_USAGE = YES_ERROR;
				CLANG_WARN_DOCUMENTATION_COMMENTS = YES;
				CLANG_WARN_EMPTY_BODY = YES;
				CLANG_WARN_ENUM_CONVERSION = YES;
				CLANG_WARN_INFINITE_RECURSION = YES;
				CLANG_WARN_INT_CONVERSION = YES;
				CLANG_WARN_NON_LITERAL_NULL_CONVERSION = YES;
				CLANG_WARN_OBJC_IMPLICIT_RETAIN_SELF = YES;
				CLANG_WARN_OBJC_LITERAL_CONVERSION = YES;
				CLANG_WARN_OBJC_ROOT_CLASS = YES_ERROR;
				CLANG_WARN_QUOTED_INCLUDE_IN_FRAMEWORK_HEADER = YES;
				CLANG_WARN_RANGE_LOOP_ANALYSIS = YES;
				CLANG_WARN_STRICT_PROTOTYPES = YES;
				CLANG_WARN_SUSPICIOUS_MOVE = YES;
				CLANG_WARN_UNGUARDED_AVAILABILITY = YES_AGGRESSIVE;
				CLANG_WARN_UNREACHABLE_CODE = YES;
				CLANG_WARN__DUPLICATE_METHOD_MATCH = YES;
				COPY_PHASE_STRIP = NO;
				DEBUG_INFORMATION_FORMAT = dwarf;
				ENABLE_STRICT_OBJC_MSGSEND = YES;
				ENABLE_TESTABILITY = YES;
				GCC_C_LANGUAGE_STANDARD = gnu11;
				GCC_DYNAMIC_NO_PIC = NO;
				GCC_NO_COMMON_BLOCKS = YES;
				GCC_OPTIMIZATION_LEVEL = 0;
				GCC_PREPROCESSOR_DEFINITIONS = (
					"DEBUG=1",
					"$(inherited)",
				);
				GCC_WARN_64_TO_32_BIT_CONVERSION = YES;
				GCC_WARN_ABOUT_RETURN_TYPE = YES_ERROR;
				GCC_WARN_UNDECLARED_SELECTOR = YES;
				GCC_WARN_UNINITIALIZED_AUTOS = YES_AGGRESSIVE;
				GCC_WARN_UNUSED_FUNCTION = YES;
				GCC_WARN_UNUSED_VARIABLE = YES;
				IPHONEOS_DEPLOYMENT_TARGET = 16.2;
				MTL_ENABLE_DEBUG_INFO = INCLUDE_SOURCE;
				MTL_FAST_MATH = YES;
				ONLY_ACTIVE_ARCH = YES;
				SDKROOT = iphoneos;
				SWIFT_ACTIVE_COMPILATION_CONDITIONS = DEBUG;
				SWIFT_OPTIMIZATION_LEVEL = "-Onone";
			};
			name = Debug;
		};
		AFECB550299FD57100810399 /* Release */ = {
			isa = XCBuildConfiguration;
			buildSettings = {
				ALWAYS_SEARCH_USER_PATHS = NO;
				CLANG_ANALYZER_NONNULL = YES;
				CLANG_ANALYZER_NUMBER_OBJECT_CONVERSION = YES_AGGRESSIVE;
				CLANG_CXX_LANGUAGE_STANDARD = "gnu++20";
				CLANG_ENABLE_MODULES = YES;
				CLANG_ENABLE_OBJC_ARC = YES;
				CLANG_ENABLE_OBJC_WEAK = YES;
				CLANG_WARN_BLOCK_CAPTURE_AUTORELEASING = YES;
				CLANG_WARN_BOOL_CONVERSION = YES;
				CLANG_WARN_COMMA = YES;
				CLANG_WARN_CONSTANT_CONVERSION = YES;
				CLANG_WARN_DEPRECATED_OBJC_IMPLEMENTATIONS = YES;
				CLANG_WARN_DIRECT_OBJC_ISA_USAGE = YES_ERROR;
				CLANG_WARN_DOCUMENTATION_COMMENTS = YES;
				CLANG_WARN_EMPTY_BODY = YES;
				CLANG_WARN_ENUM_CONVERSION = YES;
				CLANG_WARN_INFINITE_RECURSION = YES;
				CLANG_WARN_INT_CONVERSION = YES;
				CLANG_WARN_NON_LITERAL_NULL_CONVERSION = YES;
				CLANG_WARN_OBJC_IMPLICIT_RETAIN_SELF = YES;
				CLANG_WARN_OBJC_LITERAL_CONVERSION = YES;
				CLANG_WARN_OBJC_ROOT_CLASS = YES_ERROR;
				CLANG_WARN_QUOTED_INCLUDE_IN_FRAMEWORK_HEADER = YES;
				CLANG_WARN_RANGE_LOOP_ANALYSIS = YES;
				CLANG_WARN_STRICT_PROTOTYPES = YES;
				CLANG_WARN_SUSPICIOUS_MOVE = YES;
				CLANG_WARN_UNGUARDED_AVAILABILITY = YES_AGGRESSIVE;
				CLANG_WARN_UNREACHABLE_CODE = YES;
				CLANG_WARN__DUPLICATE_METHOD_MATCH = YES;
				COPY_PHASE_STRIP = NO;
				DEBUG_INFORMATION_FORMAT = "dwarf-with-dsym";
				ENABLE_NS_ASSERTIONS = NO;
				ENABLE_STRICT_OBJC_MSGSEND = YES;
				GCC_C_LANGUAGE_STANDARD = gnu11;
				GCC_NO_COMMON_BLOCKS = YES;
				GCC_WARN_64_TO_32_BIT_CONVERSION = YES;
				GCC_WARN_ABOUT_RETURN_TYPE = YES_ERROR;
				GCC_WARN_UNDECLARED_SELECTOR = YES;
				GCC_WARN_UNINITIALIZED_AUTOS = YES_AGGRESSIVE;
				GCC_WARN_UNUSED_FUNCTION = YES;
				GCC_WARN_UNUSED_VARIABLE = YES;
				IPHONEOS_DEPLOYMENT_TARGET = 16.2;
				MTL_ENABLE_DEBUG_INFO = NO;
				MTL_FAST_MATH = YES;
				SDKROOT = iphoneos;
				SWIFT_COMPILATION_MODE = wholemodule;
				SWIFT_OPTIMIZATION_LEVEL = "-O";
				VALIDATE_PRODUCT = YES;
			};
			name = Release;
		};
		AFECB552299FD57100810399 /* Debug */ = {
			isa = XCBuildConfiguration;
			buildSettings = {
				ASSETCATALOG_COMPILER_APPICON_NAME = AppIcon;
				ASSETCATALOG_COMPILER_GLOBAL_ACCENT_COLOR_NAME = AccentColor;
				CODE_SIGN_STYLE = Automatic;
				CURRENT_PROJECT_VERSION = 1;
				DEVELOPMENT_ASSET_PATHS = "\"PH_RestorantMenu/Preview Content\"";
				DEVELOPMENT_TEAM = ZNXA4CW222;
				ENABLE_PREVIEWS = YES;
				GENERATE_INFOPLIST_FILE = YES;
				INFOPLIST_KEY_UIApplicationSceneManifest_Generation = YES;
				INFOPLIST_KEY_UIApplicationSupportsIndirectInputEvents = YES;
				INFOPLIST_KEY_UILaunchScreen_Generation = YES;
				INFOPLIST_KEY_UISupportedInterfaceOrientations_iPad = "UIInterfaceOrientationPortrait UIInterfaceOrientationPortraitUpsideDown UIInterfaceOrientationLandscapeLeft UIInterfaceOrientationLandscapeRight";
				INFOPLIST_KEY_UISupportedInterfaceOrientations_iPhone = "UIInterfaceOrientationPortrait UIInterfaceOrientationLandscapeLeft UIInterfaceOrientationLandscapeRight";
				LD_RUNPATH_SEARCH_PATHS = (
					"$(inherited)",
					"@executable_path/Frameworks",
				);
				MARKETING_VERSION = 1.0;
				PRODUCT_BUNDLE_IDENTIFIER = "com.nadia.PH-RestorantMenu";
				PRODUCT_NAME = "$(TARGET_NAME)";
				SWIFT_EMIT_LOC_STRINGS = YES;
				SWIFT_VERSION = 5.0;
				TARGETED_DEVICE_FAMILY = "1,2";
			};
			name = Debug;
		};
		AFECB553299FD57100810399 /* Release */ = {
			isa = XCBuildConfiguration;
			buildSettings = {
				ASSETCATALOG_COMPILER_APPICON_NAME = AppIcon;
				ASSETCATALOG_COMPILER_GLOBAL_ACCENT_COLOR_NAME = AccentColor;
				CODE_SIGN_STYLE = Automatic;
				CURRENT_PROJECT_VERSION = 1;
				DEVELOPMENT_ASSET_PATHS = "\"PH_RestorantMenu/Preview Content\"";
				DEVELOPMENT_TEAM = ZNXA4CW222;
				ENABLE_PREVIEWS = YES;
				GENERATE_INFOPLIST_FILE = YES;
				INFOPLIST_KEY_UIApplicationSceneManifest_Generation = YES;
				INFOPLIST_KEY_UIApplicationSupportsIndirectInputEvents = YES;
				INFOPLIST_KEY_UILaunchScreen_Generation = YES;
				INFOPLIST_KEY_UISupportedInterfaceOrientations_iPad = "UIInterfaceOrientationPortrait UIInterfaceOrientationPortraitUpsideDown UIInterfaceOrientationLandscapeLeft UIInterfaceOrientationLandscapeRight";
				INFOPLIST_KEY_UISupportedInterfaceOrientations_iPhone = "UIInterfaceOrientationPortrait UIInterfaceOrientationLandscapeLeft UIInterfaceOrientationLandscapeRight";
				LD_RUNPATH_SEARCH_PATHS = (
					"$(inherited)",
					"@executable_path/Frameworks",
				);
				MARKETING_VERSION = 1.0;
				PRODUCT_BUNDLE_IDENTIFIER = "com.nadia.PH-RestorantMenu";
				PRODUCT_NAME = "$(TARGET_NAME)";
				SWIFT_EMIT_LOC_STRINGS = YES;
				SWIFT_VERSION = 5.0;
				TARGETED_DEVICE_FAMILY = "1,2";
			};
			name = Release;
		};
/* End XCBuildConfiguration section */

/* Begin XCConfigurationList section */
		AFECB53E299FD56C00810399 /* Build configuration list for PBXProject "PH_RestorantMenu" */ = {
			isa = XCConfigurationList;
			buildConfigurations = (
				AFECB54F299FD57100810399 /* Debug */,
				AFECB550299FD57100810399 /* Release */,
			);
			defaultConfigurationIsVisible = 0;
			defaultConfigurationName = Release;
		};
		AFECB551299FD57100810399 /* Build configuration list for PBXNativeTarget "PH_RestorantMenu" */ = {
			isa = XCConfigurationList;
			buildConfigurations = (
				AFECB552299FD57100810399 /* Debug */,
				AFECB553299FD57100810399 /* Release */,
			);
			defaultConfigurationIsVisible = 0;
			defaultConfigurationName = Release;
		};
/* End XCConfigurationList section */
	};
	rootObject = AFECB53B299FD56C00810399 /* Project object */;
}
